
Microsoft Visual Studio Solution File, Format Version 12.00
# Visual Studio 15
Project("{D954291E-2A0B-460D-934E-DC6B0785DB48}") = "XamarinNativeTest", "XamarinNativeTest\XamarinNativeTest.shproj", "{CCA408F2-C373-46B8-A28C-141A33322833}"
EndProject
Project("{FAE04EC0-301F-11D3-BF4B-00C04F79EFBC}") = "XamarinNativeTest.iOS", "iOS\XamarinNativeTest.iOS.csproj", "{B6A1E699-C7D8-4540-AB41-F4EEB3519F48}"
EndProject
Project("{FAE04EC0-301F-11D3-BF4B-00C04F79EFBC}") = "XamarinNativeTest.Droid", "Droid\XamarinNativeTest.Droid.csproj", "{23351EFE-BA81-4FA2-A6DB-4F39F05B7B87}"
EndProject
Project("{FAE04EC0-301F-11D3-BF4B-00C04F79EFBC}") = "XamarinUnitTest", "XamarinUnitTest\XamarinUnitTest.csproj", "{E9C97AFA-F013-4024-B291-424F14DE5DC5}"
EndProject
Global
	GlobalSection(SolutionConfigurationPlatforms) = preSolution
		Debug|iPhoneSimulator = Debug|iPhoneSimulator
		Release|iPhone = Release|iPhone
		Release|iPhoneSimulator = Release|iPhoneSimulator
		Debug|iPhone = Debug|iPhone
		Debug|Any CPU = Debug|Any CPU
		Release|Any CPU = Release|Any CPU
	EndGlobalSection
	GlobalSection(ProjectConfigurationPlatforms) = postSolution
		{B6A1E699-C7D8-4540-AB41-F4EEB3519F48}.Debug|iPhoneSimulator.ActiveCfg = Debug|iPhoneSimulator
		{B6A1E699-C7D8-4540-AB41-F4EEB3519F48}.Debug|iPhoneSimulator.Build.0 = Debug|iPhoneSimulator
		{B6A1E699-C7D8-4540-AB41-F4EEB3519F48}.Release|iPhone.ActiveCfg = Release|iPhone
		{B6A1E699-C7D8-4540-AB41-F4EEB3519F48}.Release|iPhone.Build.0 = Release|iPhone
		{B6A1E699-C7D8-4540-AB41-F4EEB3519F48}.Release|iPhoneSimulator.ActiveCfg = Release|iPhoneSimulator
		{B6A1E699-C7D8-4540-AB41-F4EEB3519F48}.Release|iPhoneSimulator.Build.0 = Release|iPhoneSimulator
		{B6A1E699-C7D8-4540-AB41-F4EEB3519F48}.Debug|iPhone.ActiveCfg = Debug|iPhone
		{B6A1E699-C7D8-4540-AB41-F4EEB3519F48}.Debug|iPhone.Build.0 = Debug|iPhone
		{B6A1E699-C7D8-4540-AB41-F4EEB3519F48}.Debug|Any CPU.ActiveCfg = Debug|iPhoneSimulator
		{B6A1E699-C7D8-4540-AB41-F4EEB3519F48}.Debug|Any CPU.Build.0 = Debug|iPhoneSimulator
		{B6A1E699-C7D8-4540-AB41-F4EEB3519F48}.Release|Any CPU.ActiveCfg = Release|iPhone
		{B6A1E699-C7D8-4540-AB41-F4EEB3519F48}.Release|Any CPU.Build.0 = Release|iPhone
		{23351EFE-BA81-4FA2-A6DB-4F39F05B7B87}.Debug|iPhoneSimulator.ActiveCfg = Debug|Any CPU
		{23351EFE-BA81-4FA2-A6DB-4F39F05B7B87}.Debug|iPhoneSimulator.Build.0 = Debug|Any CPU
		{23351EFE-BA81-4FA2-A6DB-4F39F05B7B87}.Release|iPhone.ActiveCfg = Release|Any CPU
		{23351EFE-BA81-4FA2-A6DB-4F39F05B7B87}.Release|iPhone.Build.0 = Release|Any CPU
		{23351EFE-BA81-4FA2-A6DB-4F39F05B7B87}.Release|iPhoneSimulator.ActiveCfg = Release|Any CPU
		{23351EFE-BA81-4FA2-A6DB-4F39F05B7B87}.Release|iPhoneSimulator.Build.0 = Release|Any CPU
		{23351EFE-BA81-4FA2-A6DB-4F39F05B7B87}.Debug|iPhone.ActiveCfg = Debug|Any CPU
		{23351EFE-BA81-4FA2-A6DB-4F39F05B7B87}.Debug|iPhone.Build.0 = Debug|Any CPU
		{23351EFE-BA81-4FA2-A6DB-4F39F05B7B87}.Debug|Any CPU.ActiveCfg = Debug|Any CPU
		{23351EFE-BA81-4FA2-A6DB-4F39F05B7B87}.Debug|Any CPU.Build.0 = Debug|Any CPU
		{23351EFE-BA81-4FA2-A6DB-4F39F05B7B87}.Release|Any CPU.ActiveCfg = Release|Any CPU
		{23351EFE-BA81-4FA2-A6DB-4F39F05B7B87}.Release|Any CPU.Build.0 = Release|Any CPU
		{E9C97AFA-F013-4024-B291-424F14DE5DC5}.Debug|iPhoneSimulator.ActiveCfg = Debug|Any CPU
		{E9C97AFA-F013-4024-B291-424F14DE5DC5}.Debug|iPhoneSimulator.Build.0 = Debug|Any CPU
		{E9C97AFA-F013-4024-B291-424F14DE5DC5}.Release|iPhone.ActiveCfg = Release|Any CPU
		{E9C97AFA-F013-4024-B291-424F14DE5DC5}.Release|iPhone.Build.0 = Release|Any CPU
		{E9C97AFA-F013-4024-B291-424F14DE5DC5}.Release|iPhoneSimulator.ActiveCfg = Release|Any CPU
		{E9C97AFA-F013-4024-B291-424F14DE5DC5}.Release|iPhoneSimulator.Build.0 = Release|Any CPU
		{E9C97AFA-F013-4024-B291-424F14DE5DC5}.Debug|iPhone.ActiveCfg = Debug|Any CPU
		{E9C97AFA-F013-4024-B291-424F14DE5DC5}.Debug|iPhone.Build.0 = Debug|Any CPU
		{E9C97AFA-F013-4024-B291-424F14DE5DC5}.Debug|Any CPU.ActiveCfg = Debug|Any CPU
		{E9C97AFA-F013-4024-B291-424F14DE5DC5}.Debug|Any CPU.Build.0 = Debug|Any CPU
		{E9C97AFA-F013-4024-B291-424F14DE5DC5}.Release|Any CPU.ActiveCfg = Release|Any CPU
		{E9C97AFA-F013-4024-B291-424F14DE5DC5}.Release|Any CPU.Build.0 = Release|Any CPU
	EndGlobalSection
EndGlobal
